
Microsoft Visual Studio Solution File, Format Version 12.00
# Visual Studio Version 17
VisualStudioVersion = 17.8.34511.84
MinimumVisualStudioVersion = 10.0.40219.1
Project("{9A19103F-16F7-4668-BE54-9A1E7A4F7556}") = "ScalesAsclepius", "ScalesAsclepius.csproj", "{D1F576CB-7855-48A8-B1F4-02B80C37BB4F}"
EndProject
Global
	GlobalSection(SolutionConfigurationPlatforms) = preSolution
		Debug|Any CPU = Debug|Any CPU
		Release|Any CPU = Release|Any CPU
	EndGlobalSection
	GlobalSection(ProjectConfigurationPlatforms) = postSolution
		{D1F576CB-7855-48A8-B1F4-02B80C37BB4F}.Debug|Any CPU.ActiveCfg = Debug|Any CPU
		{D1F576CB-7855-48A8-B1F4-02B80C37BB4F}.Debug|Any CPU.Build.0 = Debug|Any CPU
		{D1F576CB-7855-48A8-B1F4-02B80C37BB4F}.Release|Any CPU.ActiveCfg = Release|Any CPU
		{D1F576CB-7855-48A8-B1F4-02B80C37BB4F}.Release|Any CPU.Build.0 = Release|Any CPU
	EndGlobalSection
	GlobalSection(SolutionProperties) = preSolution
		HideSolutionNode = FALSE
	EndGlobalSection
	GlobalSection(ExtensibilityGlobals) = postSolution
		SolutionGuid = {CE33E008-4088-429D-B4DD-84A59272FCAF}
	EndGlobalSection
EndGlobal
